
Microsoft Visual Studio Solution File, Format Version 10.00
# Visual Studio 2008
Project("{FAE04EC0-301F-11D3-BF4B-00C04F79EFBC}") = "SSMonoGenericCollectionsLibrary", "SSMonoGenericCollectionsLibrary\SSMonoGenericCollectionsLibrary.csproj", "{B61627F5-7974-41BA-B606-BCE6B5480843}"
EndProject
Global
	GlobalSection(SourceCodeControl) = preSolution
		SccNumberOfProjects = 1
		SccProjectUniqueName0 = SSMonoGenericCollectionsLibrary\\SSMonoGenericCollectionsLibrary.csproj
		SccProjectName0 = $/S#\u0020Libraries/Mono\u0020Ports/SSMonoGenericCollectionsLibrary
		SccLocalPath0 = SSMonoGenericCollectionsLibrary
		SccProvider0 = MSSCCI:SourceGear\u0020Vault\u0020Professional\u0020Classic\u0020Client
		CanCheckoutShared = false
	EndGlobalSection
	GlobalSection(SolutionConfigurationPlatforms) = preSolution
		Debug|Any CPU = Debug|Any CPU
		Release|Any CPU = Release|Any CPU
	EndGlobalSection
	GlobalSection(ProjectConfigurationPlatforms) = postSolution
		{B61627F5-7974-41BA-B606-BCE6B5480843}.Debug|Any CPU.ActiveCfg = Debug|Any CPU
		{B61627F5-7974-41BA-B606-BCE6B5480843}.Debug|Any CPU.Build.0 = Debug|Any CPU
		{B61627F5-7974-41BA-B606-BCE6B5480843}.Release|Any CPU.ActiveCfg = Release|Any CPU
		{B61627F5-7974-41BA-B606-BCE6B5480843}.Release|Any CPU.Build.0 = Release|Any CPU
	EndGlobalSection
	GlobalSection(SolutionProperties) = preSolution
		HideSolutionNode = FALSE
	EndGlobalSection
EndGlobal
